
Microsoft Visual Studio Solution File, Format Version 12.00
# Visual Studio Version 17
VisualStudioVersion = 17.11.35219.272
MinimumVisualStudioVersion = 10.0.40219.1
Project("{9A19103F-16F7-4668-BE54-9A1E7A4F7556}") = "DevOpsPalermo", "DevOpsPalermo\DevOpsPalermo.csproj", "{F231465D-3247-490F-A7DD-12204559E9BF}"
EndProject
Project("{9A19103F-16F7-4668-BE54-9A1E7A4F7556}") = "DevOpsPalermo.UnitTests", "DevOpsPalermo.Tests\DevOpsPalermo.UnitTests.csproj", "{14EE57EE-6B12-4ABB-B54C-9C28A240EDB3}"
EndProject
Project("{9A19103F-16F7-4668-BE54-9A1E7A4F7556}") = "DevOpsPalermo.IntegrationTests", "DevOpsPalermo.IntegrationTests\DevOpsPalermo.IntegrationTests.csproj", "{275771CE-4E62-49D1-B099-34045415CC01}"
EndProject
Global
	GlobalSection(SolutionConfigurationPlatforms) = preSolution
		Debug|Any CPU = Debug|Any CPU
		Release|Any CPU = Release|Any CPU
	EndGlobalSection
	GlobalSection(ProjectConfigurationPlatforms) = postSolution
		{F231465D-3247-490F-A7DD-12204559E9BF}.Debug|Any CPU.ActiveCfg = Debug|Any CPU
		{F231465D-3247-490F-A7DD-12204559E9BF}.Debug|Any CPU.Build.0 = Debug|Any CPU
		{F231465D-3247-490F-A7DD-12204559E9BF}.Release|Any CPU.ActiveCfg = Release|Any CPU
		{F231465D-3247-490F-A7DD-12204559E9BF}.Release|Any CPU.Build.0 = Release|Any CPU
		{14EE57EE-6B12-4ABB-B54C-9C28A240EDB3}.Debug|Any CPU.ActiveCfg = Debug|Any CPU
		{14EE57EE-6B12-4ABB-B54C-9C28A240EDB3}.Debug|Any CPU.Build.0 = Debug|Any CPU
		{14EE57EE-6B12-4ABB-B54C-9C28A240EDB3}.Release|Any CPU.ActiveCfg = Release|Any CPU
		{14EE57EE-6B12-4ABB-B54C-9C28A240EDB3}.Release|Any CPU.Build.0 = Release|Any CPU
		{275771CE-4E62-49D1-B099-34045415CC01}.Debug|Any CPU.ActiveCfg = Debug|Any CPU
		{275771CE-4E62-49D1-B099-34045415CC01}.Debug|Any CPU.Build.0 = Debug|Any CPU
		{275771CE-4E62-49D1-B099-34045415CC01}.Release|Any CPU.ActiveCfg = Release|Any CPU
		{275771CE-4E62-49D1-B099-34045415CC01}.Release|Any CPU.Build.0 = Release|Any CPU
	EndGlobalSection
	GlobalSection(SolutionProperties) = preSolution
		HideSolutionNode = FALSE
	EndGlobalSection
	GlobalSection(ExtensibilityGlobals) = postSolution
		SolutionGuid = {A558095B-CF17-444D-AB6F-E3DACA87B37C}
	EndGlobalSection
EndGlobal
